<?xml version="1.0" encoding="utf-8"?>
<Project ToolsVersion="4.0" xmlns="http://schemas.microsoft.com/developer/msbuild/2003">
  <ItemGroup>
    <Filter Include="Source Files">
      <UniqueIdentifier>{4FC737F1-C7A5-4376-A066-2A32D752A2FF}</UniqueIdentifier>
      <Extensions>cpp;c;cc;cxx;def;odl;idl;hpj;bat;asm;asmx</Extensions>
    </Filter>
    <Filter Include="Header Files">
      <UniqueIdentifier>{93995380-89BD-4b04-88EB-625FBE52EBFB}</UniqueIdentifier>
      <Extensions>h;hh;hpp;hxx;hm;inl;inc;ipp;xsd</Extensions>
    </Filter>
    <Filter Include="Resource Files">
      <UniqueIdentifier>{67DA6AB6-F800-4c08-8B7A-83BB121AAD01}</UniqueIdentifier>
      <Extensions>rc;ico;cur;bmp;dlg;rc2;rct;bin;rgs;gif;jpg;jpeg;jpe;resx;tiff;tif;png;wav;mfcribbon-ms</Extensions>
    </Filter>
  </ItemGroup>
  <ItemGroup>
    <ClCompile Include="src\BoardConfig.cpp">
      <Filter>Source Files</Filter>
    </ClCompile>
    <ClCompile Include="src\InterfaceSpotify.cpp">
      <Filter>Source Files</Filter>
    </ClCompile>
    <ClCompile Include="src\Lecon.cpp">
      <Filter>Source Files</Filter>
    </ClCompile>
    <ClCompile Include="src\PixelSequenceAlert.cpp">
      <Filter>Source Files</Filter>
    </ClCompile>
    <ClCompile Include="src\PixelSequenceLyrics.cpp">
      <Filter>Source Files</Filter>
    </ClCompile>
    <ClCompile Include="src\PixelSequences.cpp">
      <Filter>Source Files</Filter>
    </ClCompile>
    <ClCompile Include="src\PixelSequenceText.cpp">
      <Filter>Source Files</Filter>
    </ClCompile>
    <ClCompile Include="src\PixelSequenceWeather.cpp">
      <Filter>Source Files</Filter>
    </ClCompile>
    <ClCompile Include="src\Render.cpp">
      <Filter>Source Files</Filter>
    </ClCompile>
    <ClCompile Include="src\WebGet.cpp">
      <Filter>Source Files</Filter>
    </ClCompile>
    <ClCompile Include="src\WindowManager.cpp">
      <Filter>Source Files</Filter>
    </ClCompile>
    <ClCompile Include="src\Render2.cpp">
      <Filter>Source Files</Filter>
    </ClCompile>
    <ClCompile Include="src\Utils.cpp">
      <Filter>Source Files</Filter>
    </ClCompile>
    <ClCompile Include="src\LeconConfig.cpp">
      <Filter>Source Files</Filter>
    </ClCompile>
    <ClCompile Include="src\Lecon2.cpp">
      <Filter>Source Files</Filter>
    </ClCompile>
    <ClCompile Include="LeconWin.cpp">
      <Filter>Source Files</Filter>
    </ClCompile>
  </ItemGroup>
  <ItemGroup>
    <ClInclude Include="ConsoleInter.h">
      <Filter>Source Files</Filter>
    </ClInclude>
    <ClInclude Include="Win32Renderer.h">
      <Filter>Header Files</Filter>
    </ClInclude>
    <ClInclude Include="src\BoardConfig.h">
      <Filter>Header Files</Filter>
    </ClInclude>
    <ClInclude Include="src\InterfaceSpotify.h">
      <Filter>Header Files</Filter>
    </ClInclude>
    <ClInclude Include="src\picojson.h">
      <Filter>Header Files</Filter>
    </ClInclude>
    <ClInclude Include="src\PixelFonts.h">
      <Filter>Header Files</Filter>
    </ClInclude>
    <ClInclude Include="src\PixelFonts2.h">
      <Filter>Header Files</Filter>
    </ClInclude>
    <ClInclude Include="src\PixelSequenceAlert.h">
      <Filter>Header Files</Filter>
    </ClInclude>
    <ClInclude Include="src\PixelSequenceLyrics.h">
      <Filter>Header Files</Filter>
    </ClInclude>
    <ClInclude Include="src\PixelSequenceMatrix.h">
      <Filter>Header Files</Filter>
    </ClInclude>
    <ClInclude Include="src\PixelSequences.h">
      <Filter>Header Files</Filter>
    </ClInclude>
    <ClInclude Include="src\PixelSequenceText.h">
      <Filter>Header Files</Filter>
    </ClInclude>
    <ClInclude Include="src\PixelSequenceTime.h">
      <Filter>Header Files</Filter>
    </ClInclude>
    <ClInclude Include="src\PixelSequenceWeather.h">
      <Filter>Header Files</Filter>
    </ClInclude>
    <ClInclude Include="src\Render.h">
      <Filter>Header Files</Filter>
    </ClInclude>
    <ClInclude Include="src\Util.h">
      <Filter>Header Files</Filter>
    </ClInclude>
    <ClInclude Include="src\UtilThread.h">
      <Filter>Header Files</Filter>
    </ClInclude>
    <ClInclude Include="src\Values.h">
      <Filter>Header Files</Filter>
    </ClInclude>
    <ClInclude Include="src\WebGet.h">
      <Filter>Header Files</Filter>
    </ClInclude>
    <ClInclude Include="src\Window.h">
      <Filter>Header Files</Filter>
    </ClInclude>
    <ClInclude Include="src\WindowManager.h">
      <Filter>Header Files</Filter>
    </ClInclude>
    <ClInclude Include="src\LeconConfig.h">
      <Filter>Header Files</Filter>
    </ClInclude>
    <ClInclude Include="src\WS2812Render.h">
      <Filter>Header Files</Filter>
    </ClInclude>
    <ClInclude Include="src\Render2.h">
      <Filter>Header Files</Filter>
    </ClInclude>
    <ClInclude Include="src\Screen.h">
      <Filter>Header Files</Filter>
    </ClInclude>
    <ClInclude Include="src\Lecon2.h">
      <Filter>Header Files</Filter>
    </ClInclude>
    <ClInclude Include="src\LeconWS2812.h">
      <Filter>Header Files</Filter>
    </ClInclude>
  </ItemGroup>
</Project>